
Microsoft Visual Studio Solution File, Format Version 12.00
# Visual Studio Version 16
VisualStudioVersion = 16.0.30413.136
MinimumVisualStudioVersion = 10.0.40219.1
Project("{888888A0-9F3D-457C-B088-3A5042F75D52}") = "lab1", "lab1\lab1.pyproj", "{0DC6B60D-DFDB-44C4-B058-07F59A064A8F}"
EndProject
Project("{888888A0-9F3D-457C-B088-3A5042F75D52}") = "lab2-1", "lab2-1\lab2-1.pyproj", "{F51B6C19-99C9-42DD-AA22-3114FA0024ED}"
EndProject
Project("{888888A0-9F3D-457C-B088-3A5042F75D52}") = "lab2-2", "lab2-2\lab2-2.pyproj", "{8B0A5A53-487C-4F32-9FCC-3212941F8E9A}"
EndProject
Project("{888888A0-9F3D-457C-B088-3A5042F75D52}") = "lab2-3", "lab2-3\lab2-3.pyproj", "{ED38C13E-A080-4475-A410-DC54066C5426}"
EndProject
Project("{888888A0-9F3D-457C-B088-3A5042F75D52}") = "lab2-4", "lab2-4\lab2-4.pyproj", "{7C031C11-9730-4333-BFE8-1A37E2C5449C}"
EndProject
Project("{888888A0-9F3D-457C-B088-3A5042F75D52}") = "lab2-5", "lab2-5\lab2-5.pyproj", "{3D6099AD-BD77-4156-99FC-6B6FF745875A}"
EndProject
Project("{888888A0-9F3D-457C-B088-3A5042F75D52}") = "lab3-1", "lab3-1\lab3-1.pyproj", "{BB112E28-F937-49CE-A4AA-B04189EBBB38}"
EndProject
Project("{888888A0-9F3D-457C-B088-3A5042F75D52}") = "lab3-2", "lab3-2\lab3-2.pyproj", "{FE3B99DC-2982-430F-AF70-5FF7159F0872}"
EndProject
Project("{888888A0-9F3D-457C-B088-3A5042F75D52}") = "lab3-3", "lab3-3\lab3-3.pyproj", "{05BF0825-8A2D-4D2E-B389-A2BF8EC7E16D}"
EndProject
Project("{888888A0-9F3D-457C-B088-3A5042F75D52}") = "lab3-4", "lab3-4\lab3-4.pyproj", "{5CD6E69C-4511-4DFD-9940-DC54B7D653E3}"
EndProject
Project("{888888A0-9F3D-457C-B088-3A5042F75D52}") = "lab4-1", "lab4-1\lab4-1.pyproj", "{2B2F14E4-DE4F-4233-9A2F-FD3BEA2BD5B3}"
EndProject
Project("{888888A0-9F3D-457C-B088-3A5042F75D52}") = "lab4-2", "lab4-2\lab4-2.pyproj", "{FA99F842-13C5-41BA-B860-EE2191EE1BE1}"
EndProject
Project("{888888A0-9F3D-457C-B088-3A5042F75D52}") = "lab4-3", "lab4-3\lab4-3.pyproj", "{AD4365FF-B289-4153-B9D6-AA4DDBD3535B}"
EndProject
Project("{888888A0-9F3D-457C-B088-3A5042F75D52}") = "lab4-4", "lab4-4\lab4-4.pyproj", "{E7847A08-4791-40E7-8162-F3232014BCF8}"
EndProject
Project("{888888A0-9F3D-457C-B088-3A5042F75D52}") = "lab4-5", "lab4-5\lab4-5.pyproj", "{35E18E1F-7524-42C4-8304-34358D34A82C}"
EndProject
Project("{888888A0-9F3D-457C-B088-3A5042F75D52}") = "lab5-1", "lab5-1\lab5-1.pyproj", "{382E5050-5037-44E2-A002-43C11F7F634A}"
EndProject
Project("{888888A0-9F3D-457C-B088-3A5042F75D52}") = "lab5-2", "lab5-2\lab5-2.pyproj", "{3B49C659-966A-4D4D-B14B-0EF0928B4ED2}"
EndProject
Project("{888888A0-9F3D-457C-B088-3A5042F75D52}") = "lab5-3", "lab5-3\lab5-3.pyproj", "{EDFAD99D-DDE0-4AF1-9F86-1E715DB8A264}"
EndProject
Project("{888888A0-9F3D-457C-B088-3A5042F75D52}") = "lab6-1", "lab6-1\lab6-1.pyproj", "{3DA11665-CA4E-4F01-9F6E-BA3C52F48167}"
EndProject
Project("{888888A0-9F3D-457C-B088-3A5042F75D52}") = "lab6-2", "lab6-2\lab6-2.pyproj", "{D06E6843-D2D9-466B-9CCD-0B538919FDA6}"
EndProject
Project("{888888A0-9F3D-457C-B088-3A5042F75D52}") = "lab6-3", "lab6-3\lab6-3.pyproj", "{C9F43E2D-8360-4BE9-A9F1-D1E3F64F36C1}"
EndProject
Project("{888888A0-9F3D-457C-B088-3A5042F75D52}") = "lab6-4", "lab6-4\lab6-4.pyproj", "{D330BD04-F6BB-4E0B-BC48-1702E14B09DE}"
EndProject
Project("{888888A0-9F3D-457C-B088-3A5042F75D52}") = "lab2-6-1", "lab2-6-1\lab2-6-1.pyproj", "{006B30FC-6299-484B-9273-EC69F6E3B69E}"
EndProject
Project("{888888A0-9F3D-457C-B088-3A5042F75D52}") = "lab2-6-2", "lab2-6-2\lab2-6-2.pyproj", "{644040C1-5143-4471-9FFD-495BEA3F020F}"
EndProject
Project("{888888A0-9F3D-457C-B088-3A5042F75D52}") = "lab3-5", "lab3-5\lab3-5.pyproj", "{E56A3992-A9C3-4509-9C1D-B53DFB74D926}"
EndProject
Project("{888888A0-9F3D-457C-B088-3A5042F75D52}") = "lab5-4-3", "lab5-4-3\lab5-4-3.pyproj", "{C23BCC2D-E204-4F74-82A3-D38B46214F76}"
EndProject
Project("{888888A0-9F3D-457C-B088-3A5042F75D52}") = "lab5-4-1", "lab5-4-1\lab5-4-1.pyproj", "{A4097247-BA81-458A-9910-7EFD1121E0A6}"
EndProject
Project("{888888A0-9F3D-457C-B088-3A5042F75D52}") = "lab5-4-2", "lab5-4-2\lab5-4-2.pyproj", "{A96CE63C-E5DB-4AF1-9354-5CC3863D04DB}"
EndProject
Project("{888888A0-9F3D-457C-B088-3A5042F75D52}") = "lab5-4-4", "lab5-4-4\lab5-4-4.pyproj", "{3AAAC8D1-0267-408D-842C-82A3B8180A0B}"
EndProject
Project("{888888A0-9F3D-457C-B088-3A5042F75D52}") = "lab6-5-1", "lab6-5-1\lab6-5-1.pyproj", "{02AF663B-BE93-44EB-917B-0B1ED64C16D5}"
EndProject
Project("{888888A0-9F3D-457C-B088-3A5042F75D52}") = "lab6-5-2", "lab6-5-2\lab6-5-2.pyproj", "{B817425E-378B-4F67-BF67-E1A7B070E4F8}"
EndProject
Project("{888888A0-9F3D-457C-B088-3A5042F75D52}") = "lab6-5-3", "lab6-5-3\lab6-5-3.pyproj", "{84AC3BC6-0052-496E-97BE-225FB2D511CA}"
EndProject
Project("{888888A0-9F3D-457C-B088-3A5042F75D52}") = "lab6-5-4", "lab6-5-4\lab6-5-4.pyproj", "{BD0FD5A8-B452-4E9D-8800-1B27DF6D2A6E}"
EndProject
Project("{888888A0-9F3D-457C-B088-3A5042F75D52}") = "lab3-6", "lab3-6\lab3-6.pyproj", "{1A438690-4EB7-4853-8600-EFB09C68D928}"
EndProject
Project("{888888A0-9F3D-457C-B088-3A5042F75D52}") = "lab6-5-5", "lab6-5-5\lab6-5-5.pyproj", "{DF4E8FF1-D71C-4322-B6CD-32B6FB6E6A17}"
EndProject
Project("{888888A0-9F3D-457C-B088-3A5042F75D52}") = "lab7-1", "lab7-1\lab7-1.pyproj", "{D9365401-AC29-42EA-BA9C-316952C16346}"
EndProject
Project("{888888A0-9F3D-457C-B088-3A5042F75D52}") = "lab7-2", "lab7-2\lab7-2.pyproj", "{40514EC3-0CE8-4368-A5F7-B251CB77FB07}"
EndProject
Project("{888888A0-9F3D-457C-B088-3A5042F75D52}") = "lab7-3", "lab7-3\lab7-3.pyproj", "{3F2FBFB1-276F-414C-954A-EDD736A3CA9D}"
EndProject
Project("{888888A0-9F3D-457C-B088-3A5042F75D52}") = "lab7-4", "lab7-4\lab7-4.pyproj", "{ECEA7CFD-C5EB-4C48-A7D9-7DF7E477C872}"
EndProject
Project("{888888A0-9F3D-457C-B088-3A5042F75D52}") = "lab7-5", "lab7-5\lab7-5.pyproj", "{152F3918-3866-440E-9891-2A636B372721}"
EndProject
Project("{888888A0-9F3D-457C-B088-3A5042F75D52}") = "lab7-6", "lab7-6\lab7-6.pyproj", "{AE8AB405-1DED-4129-9CAC-0B1B73399855}"
EndProject
Project("{888888A0-9F3D-457C-B088-3A5042F75D52}") = "lab7-7", "lab7-7\lab7-7.pyproj", "{710A9CCC-5648-442A-A668-18ADC1130F22}"
EndProject
Project("{888888A0-9F3D-457C-B088-3A5042F75D52}") = "lab7-8", "lab7-8\lab7-8.pyproj", "{996BAE95-7B7E-42C6-A402-614194A7D702}"
EndProject
Project("{888888A0-9F3D-457C-B088-3A5042F75D52}") = "lab7-9", "lab7-9\lab7-9.pyproj", "{365A2ED7-BBB4-443E-9C46-4D89BCE1D42B}"
EndProject
Project("{888888A0-9F3D-457C-B088-3A5042F75D52}") = "lab7-10", "lab7-10\lab7-10.pyproj", "{E57FDB31-D414-4FC1-8893-A50C86332F4C}"
EndProject
Project("{888888A0-9F3D-457C-B088-3A5042F75D52}") = "lab-7-14", "lab-7-14\lab-7-14.pyproj", "{94B0372D-3992-49E7-9E48-AD33DC683379}"
EndProject
Project("{888888A0-9F3D-457C-B088-3A5042F75D52}") = "lab-7-2-1", "lab-7-2-1\lab-7-2-1.pyproj", "{79A9EE67-9A75-4BC0-A4B8-D08546CB251D}"
EndProject
Global
	GlobalSection(SolutionConfigurationPlatforms) = preSolution
		Debug|Any CPU = Debug|Any CPU
		Release|Any CPU = Release|Any CPU
	EndGlobalSection
	GlobalSection(ProjectConfigurationPlatforms) = postSolution
		{0DC6B60D-DFDB-44C4-B058-07F59A064A8F}.Debug|Any CPU.ActiveCfg = Debug|Any CPU
		{0DC6B60D-DFDB-44C4-B058-07F59A064A8F}.Release|Any CPU.ActiveCfg = Release|Any CPU
		{F51B6C19-99C9-42DD-AA22-3114FA0024ED}.Debug|Any CPU.ActiveCfg = Debug|Any CPU
		{F51B6C19-99C9-42DD-AA22-3114FA0024ED}.Release|Any CPU.ActiveCfg = Release|Any CPU
		{8B0A5A53-487C-4F32-9FCC-3212941F8E9A}.Debug|Any CPU.ActiveCfg = Debug|Any CPU
		{8B0A5A53-487C-4F32-9FCC-3212941F8E9A}.Release|Any CPU.ActiveCfg = Release|Any CPU
		{ED38C13E-A080-4475-A410-DC54066C5426}.Debug|Any CPU.ActiveCfg = Debug|Any CPU
		{ED38C13E-A080-4475-A410-DC54066C5426}.Release|Any CPU.ActiveCfg = Release|Any CPU
		{7C031C11-9730-4333-BFE8-1A37E2C5449C}.Debug|Any CPU.ActiveCfg = Debug|Any CPU
		{7C031C11-9730-4333-BFE8-1A37E2C5449C}.Release|Any CPU.ActiveCfg = Release|Any CPU
		{3D6099AD-BD77-4156-99FC-6B6FF745875A}.Debug|Any CPU.ActiveCfg = Debug|Any CPU
		{3D6099AD-BD77-4156-99FC-6B6FF745875A}.Release|Any CPU.ActiveCfg = Release|Any CPU
		{BB112E28-F937-49CE-A4AA-B04189EBBB38}.Debug|Any CPU.ActiveCfg = Debug|Any CPU
		{BB112E28-F937-49CE-A4AA-B04189EBBB38}.Release|Any CPU.ActiveCfg = Release|Any CPU
		{FE3B99DC-2982-430F-AF70-5FF7159F0872}.Debug|Any CPU.ActiveCfg = Debug|Any CPU
		{FE3B99DC-2982-430F-AF70-5FF7159F0872}.Release|Any CPU.ActiveCfg = Release|Any CPU
		{05BF0825-8A2D-4D2E-B389-A2BF8EC7E16D}.Debug|Any CPU.ActiveCfg = Debug|Any CPU
		{05BF0825-8A2D-4D2E-B389-A2BF8EC7E16D}.Release|Any CPU.ActiveCfg = Release|Any CPU
		{5CD6E69C-4511-4DFD-9940-DC54B7D653E3}.Debug|Any CPU.ActiveCfg = Debug|Any CPU
		{5CD6E69C-4511-4DFD-9940-DC54B7D653E3}.Release|Any CPU.ActiveCfg = Release|Any CPU
		{2B2F14E4-DE4F-4233-9A2F-FD3BEA2BD5B3}.Debug|Any CPU.ActiveCfg = Debug|Any CPU
		{2B2F14E4-DE4F-4233-9A2F-FD3BEA2BD5B3}.Release|Any CPU.ActiveCfg = Release|Any CPU
		{FA99F842-13C5-41BA-B860-EE2191EE1BE1}.Debug|Any CPU.ActiveCfg = Debug|Any CPU
		{FA99F842-13C5-41BA-B860-EE2191EE1BE1}.Release|Any CPU.ActiveCfg = Release|Any CPU
		{AD4365FF-B289-4153-B9D6-AA4DDBD3535B}.Debug|Any CPU.ActiveCfg = Debug|Any CPU
		{AD4365FF-B289-4153-B9D6-AA4DDBD3535B}.Release|Any CPU.ActiveCfg = Release|Any CPU
		{E7847A08-4791-40E7-8162-F3232014BCF8}.Debug|Any CPU.ActiveCfg = Debug|Any CPU
		{E7847A08-4791-40E7-8162-F3232014BCF8}.Release|Any CPU.ActiveCfg = Release|Any CPU
		{35E18E1F-7524-42C4-8304-34358D34A82C}.Debug|Any CPU.ActiveCfg = Debug|Any CPU
		{35E18E1F-7524-42C4-8304-34358D34A82C}.Release|Any CPU.ActiveCfg = Release|Any CPU
		{382E5050-5037-44E2-A002-43C11F7F634A}.Debug|Any CPU.ActiveCfg = Debug|Any CPU
		{382E5050-5037-44E2-A002-43C11F7F634A}.Release|Any CPU.ActiveCfg = Release|Any CPU
		{3B49C659-966A-4D4D-B14B-0EF0928B4ED2}.Debug|Any CPU.ActiveCfg = Debug|Any CPU
		{3B49C659-966A-4D4D-B14B-0EF0928B4ED2}.Release|Any CPU.ActiveCfg = Release|Any CPU
		{EDFAD99D-DDE0-4AF1-9F86-1E715DB8A264}.Debug|Any CPU.ActiveCfg = Debug|Any CPU
		{EDFAD99D-DDE0-4AF1-9F86-1E715DB8A264}.Release|Any CPU.ActiveCfg = Release|Any CPU
		{3DA11665-CA4E-4F01-9F6E-BA3C52F48167}.Debug|Any CPU.ActiveCfg = Debug|Any CPU
		{3DA11665-CA4E-4F01-9F6E-BA3C52F48167}.Release|Any CPU.ActiveCfg = Release|Any CPU
		{D06E6843-D2D9-466B-9CCD-0B538919FDA6}.Debug|Any CPU.ActiveCfg = Debug|Any CPU
		{D06E6843-D2D9-466B-9CCD-0B538919FDA6}.Release|Any CPU.ActiveCfg = Release|Any CPU
		{C9F43E2D-8360-4BE9-A9F1-D1E3F64F36C1}.Debug|Any CPU.ActiveCfg = Debug|Any CPU
		{C9F43E2D-8360-4BE9-A9F1-D1E3F64F36C1}.Release|Any CPU.ActiveCfg = Release|Any CPU
		{D330BD04-F6BB-4E0B-BC48-1702E14B09DE}.Debug|Any CPU.ActiveCfg = Debug|Any CPU
		{D330BD04-F6BB-4E0B-BC48-1702E14B09DE}.Release|Any CPU.ActiveCfg = Release|Any CPU
		{006B30FC-6299-484B-9273-EC69F6E3B69E}.Debug|Any CPU.ActiveCfg = Debug|Any CPU
		{006B30FC-6299-484B-9273-EC69F6E3B69E}.Release|Any CPU.ActiveCfg = Release|Any CPU
		{644040C1-5143-4471-9FFD-495BEA3F020F}.Debug|Any CPU.ActiveCfg = Debug|Any CPU
		{644040C1-5143-4471-9FFD-495BEA3F020F}.Release|Any CPU.ActiveCfg = Release|Any CPU
		{E56A3992-A9C3-4509-9C1D-B53DFB74D926}.Debug|Any CPU.ActiveCfg = Debug|Any CPU
		{E56A3992-A9C3-4509-9C1D-B53DFB74D926}.Release|Any CPU.ActiveCfg = Release|Any CPU
		{C23BCC2D-E204-4F74-82A3-D38B46214F76}.Debug|Any CPU.ActiveCfg = Debug|Any CPU
		{C23BCC2D-E204-4F74-82A3-D38B46214F76}.Release|Any CPU.ActiveCfg = Release|Any CPU
		{A4097247-BA81-458A-9910-7EFD1121E0A6}.Debug|Any CPU.ActiveCfg = Debug|Any CPU
		{A4097247-BA81-458A-9910-7EFD1121E0A6}.Release|Any CPU.ActiveCfg = Release|Any CPU
		{A96CE63C-E5DB-4AF1-9354-5CC3863D04DB}.Debug|Any CPU.ActiveCfg = Debug|Any CPU
		{A96CE63C-E5DB-4AF1-9354-5CC3863D04DB}.Release|Any CPU.ActiveCfg = Release|Any CPU
		{3AAAC8D1-0267-408D-842C-82A3B8180A0B}.Debug|Any CPU.ActiveCfg = Debug|Any CPU
		{3AAAC8D1-0267-408D-842C-82A3B8180A0B}.Release|Any CPU.ActiveCfg = Release|Any CPU
		{02AF663B-BE93-44EB-917B-0B1ED64C16D5}.Debug|Any CPU.ActiveCfg = Debug|Any CPU
		{02AF663B-BE93-44EB-917B-0B1ED64C16D5}.Release|Any CPU.ActiveCfg = Release|Any CPU
		{B817425E-378B-4F67-BF67-E1A7B070E4F8}.Debug|Any CPU.ActiveCfg = Debug|Any CPU
		{B817425E-378B-4F67-BF67-E1A7B070E4F8}.Release|Any CPU.ActiveCfg = Release|Any CPU
		{84AC3BC6-0052-496E-97BE-225FB2D511CA}.Debug|Any CPU.ActiveCfg = Debug|Any CPU
		{84AC3BC6-0052-496E-97BE-225FB2D511CA}.Release|Any CPU.ActiveCfg = Release|Any CPU
		{BD0FD5A8-B452-4E9D-8800-1B27DF6D2A6E}.Debug|Any CPU.ActiveCfg = Debug|Any CPU
		{BD0FD5A8-B452-4E9D-8800-1B27DF6D2A6E}.Release|Any CPU.ActiveCfg = Release|Any CPU
		{1A438690-4EB7-4853-8600-EFB09C68D928}.Debug|Any CPU.ActiveCfg = Debug|Any CPU
		{1A438690-4EB7-4853-8600-EFB09C68D928}.Release|Any CPU.ActiveCfg = Release|Any CPU
		{DF4E8FF1-D71C-4322-B6CD-32B6FB6E6A17}.Debug|Any CPU.ActiveCfg = Debug|Any CPU
		{DF4E8FF1-D71C-4322-B6CD-32B6FB6E6A17}.Release|Any CPU.ActiveCfg = Release|Any CPU
		{D9365401-AC29-42EA-BA9C-316952C16346}.Debug|Any CPU.ActiveCfg = Debug|Any CPU
		{D9365401-AC29-42EA-BA9C-316952C16346}.Release|Any CPU.ActiveCfg = Release|Any CPU
		{40514EC3-0CE8-4368-A5F7-B251CB77FB07}.Debug|Any CPU.ActiveCfg = Debug|Any CPU
		{40514EC3-0CE8-4368-A5F7-B251CB77FB07}.Release|Any CPU.ActiveCfg = Release|Any CPU
		{3F2FBFB1-276F-414C-954A-EDD736A3CA9D}.Debug|Any CPU.ActiveCfg = Debug|Any CPU
		{3F2FBFB1-276F-414C-954A-EDD736A3CA9D}.Release|Any CPU.ActiveCfg = Release|Any CPU
		{ECEA7CFD-C5EB-4C48-A7D9-7DF7E477C872}.Debug|Any CPU.ActiveCfg = Debug|Any CPU
		{ECEA7CFD-C5EB-4C48-A7D9-7DF7E477C872}.Release|Any CPU.ActiveCfg = Release|Any CPU
		{152F3918-3866-440E-9891-2A636B372721}.Debug|Any CPU.ActiveCfg = Debug|Any CPU
		{152F3918-3866-440E-9891-2A636B372721}.Release|Any CPU.ActiveCfg = Release|Any CPU
		{AE8AB405-1DED-4129-9CAC-0B1B73399855}.Debug|Any CPU.ActiveCfg = Debug|Any CPU
		{AE8AB405-1DED-4129-9CAC-0B1B73399855}.Release|Any CPU.ActiveCfg = Release|Any CPU
		{710A9CCC-5648-442A-A668-18ADC1130F22}.Debug|Any CPU.ActiveCfg = Debug|Any CPU
		{710A9CCC-5648-442A-A668-18ADC1130F22}.Release|Any CPU.ActiveCfg = Release|Any CPU
		{996BAE95-7B7E-42C6-A402-614194A7D702}.Debug|Any CPU.ActiveCfg = Debug|Any CPU
		{996BAE95-7B7E-42C6-A402-614194A7D702}.Release|Any CPU.ActiveCfg = Release|Any CPU
		{365A2ED7-BBB4-443E-9C46-4D89BCE1D42B}.Debug|Any CPU.ActiveCfg = Debug|Any CPU
		{365A2ED7-BBB4-443E-9C46-4D89BCE1D42B}.Release|Any CPU.ActiveCfg = Release|Any CPU
		{E57FDB31-D414-4FC1-8893-A50C86332F4C}.Debug|Any CPU.ActiveCfg = Debug|Any CPU
		{E57FDB31-D414-4FC1-8893-A50C86332F4C}.Release|Any CPU.ActiveCfg = Release|Any CPU
		{94B0372D-3992-49E7-9E48-AD33DC683379}.Debug|Any CPU.ActiveCfg = Debug|Any CPU
		{94B0372D-3992-49E7-9E48-AD33DC683379}.Release|Any CPU.ActiveCfg = Release|Any CPU
		{79A9EE67-9A75-4BC0-A4B8-D08546CB251D}.Debug|Any CPU.ActiveCfg = Debug|Any CPU
		{79A9EE67-9A75-4BC0-A4B8-D08546CB251D}.Release|Any CPU.ActiveCfg = Release|Any CPU
	EndGlobalSection
	GlobalSection(SolutionProperties) = preSolution
		HideSolutionNode = FALSE
	EndGlobalSection
	GlobalSection(ExtensibilityGlobals) = postSolution
		SolutionGuid = {C97AD24C-8E67-4E14-B308-7799086E5C50}
	EndGlobalSection
EndGlobal
